
Microsoft Visual Studio Solution File, Format Version 12.00
# Visual Studio 15
VisualStudioVersion = 15.0.28010.2019
MinimumVisualStudioVersion = 10.0.40219.1
Project("{FAE04EC0-301F-11D3-BF4B-00C04F79EFBC}") = "F2018Travel", "F2018Travel\F2018Travel.csproj", "{6CD2C159-51C2-4238-BE1A-7D8ADEB23EA1}"
EndProject
Project("{FAE04EC0-301F-11D3-BF4B-00C04F79EFBC}") = "F2018Travel.Tests", "F2018Travel.Tests\F2018Travel.Tests.csproj", "{A09968CA-24A6-4B17-B5D2-9F6545ED24AA}"
EndProject
Global
	GlobalSection(SolutionConfigurationPlatforms) = preSolution
		Debug|Any CPU = Debug|Any CPU
		Release|Any CPU = Release|Any CPU
	EndGlobalSection
	GlobalSection(ProjectConfigurationPlatforms) = postSolution
		{6CD2C159-51C2-4238-BE1A-7D8ADEB23EA1}.Debug|Any CPU.ActiveCfg = Debug|Any CPU
		{6CD2C159-51C2-4238-BE1A-7D8ADEB23EA1}.Debug|Any CPU.Build.0 = Debug|Any CPU
		{6CD2C159-51C2-4238-BE1A-7D8ADEB23EA1}.Release|Any CPU.ActiveCfg = Release|Any CPU
		{6CD2C159-51C2-4238-BE1A-7D8ADEB23EA1}.Release|Any CPU.Build.0 = Release|Any CPU
		{A09968CA-24A6-4B17-B5D2-9F6545ED24AA}.Debug|Any CPU.ActiveCfg = Debug|Any CPU
		{A09968CA-24A6-4B17-B5D2-9F6545ED24AA}.Debug|Any CPU.Build.0 = Debug|Any CPU
		{A09968CA-24A6-4B17-B5D2-9F6545ED24AA}.Release|Any CPU.ActiveCfg = Release|Any CPU
		{A09968CA-24A6-4B17-B5D2-9F6545ED24AA}.Release|Any CPU.Build.0 = Release|Any CPU
	EndGlobalSection
	GlobalSection(SolutionProperties) = preSolution
		HideSolutionNode = FALSE
	EndGlobalSection
	GlobalSection(ExtensibilityGlobals) = postSolution
		SolutionGuid = {32B29880-C78B-46E4-8245-867E46D9BA13}
	EndGlobalSection
EndGlobal
